// !$*UTF8*$!
{
	archiveVersion = 1;
	classes = {
	};
	objectVersion = 46;
	objects = {

/* Begin PBXBuildFile section */
		0FD4E88B1D5A94F300684E50 /* AppDelegate.swift in Sources */ = {isa = PBXBuildFile; fileRef = 0FD4E88A1D5A94F300684E50 /* AppDelegate.swift */; };
		0FD4E88D1D5A94F300684E50 /* GameScene.sks in Resources */ = {isa = PBXBuildFile; fileRef = 0FD4E88C1D5A94F300684E50 /* GameScene.sks */; };
		0FD4E88F1D5A94F300684E50 /* GameScene.swift in Sources */ = {isa = PBXBuildFile; fileRef = 0FD4E88E1D5A94F300684E50 /* GameScene.swift */; };
		0FD4E8911D5A94F300684E50 /* GameViewController.swift in Sources */ = {isa = PBXBuildFile; fileRef = 0FD4E8901D5A94F300684E50 /* GameViewController.swift */; };
		0FD4E8941D5A94F300684E50 /* Main.storyboard in Resources */ = {isa = PBXBuildFile; fileRef = 0FD4E8921D5A94F300684E50 /* Main.storyboard */; };
		0FD4E8961D5A94F300684E50 /* Assets.xcassets in Resources */ = {isa = PBXBuildFile; fileRef = 0FD4E8951D5A94F300684E50 /* Assets.xcassets */; };
		0FD4E8991D5A94F300684E50 /* LaunchScreen.storyboard in Resources */ = {isa = PBXBuildFile; fileRef = 0FD4E8971D5A94F300684E50 /* LaunchScreen.storyboard */; };
		0FD4E8BD1D5A96E800684E50 /* background.jpg in Resources */ = {isa = PBXBuildFile; fileRef = 0FD4E8A11D5A96E800684E50 /* background.jpg */; };
		0FD4E8BE1D5A96E800684E50 /* background@2x.jpg in Resources */ = {isa = PBXBuildFile; fileRef = 0FD4E8A21D5A96E800684E50 /* background@2x.jpg */; };
		0FD4E8BF1D5A96E800684E50 /* ballBlue.png in Resources */ = {isa = PBXBuildFile; fileRef = 0FD4E8A31D5A96E800684E50 /* ballBlue.png */; };
		0FD4E8C01D5A96E800684E50 /* ballBlue@2x.png in Resources */ = {isa = PBXBuildFile; fileRef = 0FD4E8A41D5A96E800684E50 /* ballBlue@2x.png */; };
		0FD4E8C11D5A96E800684E50 /* ballCyan.png in Resources */ = {isa = PBXBuildFile; fileRef = 0FD4E8A51D5A96E800684E50 /* ballCyan.png */; };
		0FD4E8C21D5A96E800684E50 /* ballCyan@2x.png in Resources */ = {isa = PBXBuildFile; fileRef = 0FD4E8A61D5A96E800684E50 /* ballCyan@2x.png */; };
		0FD4E8C31D5A96E800684E50 /* ballGreen.png in Resources */ = {isa = PBXBuildFile; fileRef = 0FD4E8A71D5A96E800684E50 /* ballGreen.png */; };
		0FD4E8C41D5A96E800684E50 /* ballGreen@2x.png in Resources */ = {isa = PBXBuildFile; fileRef = 0FD4E8A81D5A96E800684E50 /* ballGreen@2x.png */; };
		0FD4E8C51D5A96E800684E50 /* ballGrey.png in Resources */ = {isa = PBXBuildFile; fileRef = 0FD4E8A91D5A96E800684E50 /* ballGrey.png */; };
		0FD4E8C61D5A96E800684E50 /* ballGrey@2x.png in Resources */ = {isa = PBXBuildFile; fileRef = 0FD4E8AA1D5A96E800684E50 /* ballGrey@2x.png */; };
		0FD4E8C71D5A96E800684E50 /* ballPurple.png in Resources */ = {isa = PBXBuildFile; fileRef = 0FD4E8AB1D5A96E800684E50 /* ballPurple.png */; };
		0FD4E8C81D5A96E800684E50 /* ballPurple@2x.png in Resources */ = {isa = PBXBuildFile; fileRef = 0FD4E8AC1D5A96E800684E50 /* ballPurple@2x.png */; };
		0FD4E8C91D5A96E800684E50 /* ballRed.png in Resources */ = {isa = PBXBuildFile; fileRef = 0FD4E8AD1D5A96E800684E50 /* ballRed.png */; };
		0FD4E8CA1D5A96E800684E50 /* ballRed@2x.png in Resources */ = {isa = PBXBuildFile; fileRef = 0FD4E8AE1D5A96E800684E50 /* ballRed@2x.png */; };
		0FD4E8CB1D5A96E800684E50 /* ballYellow.png in Resources */ = {isa = PBXBuildFile; fileRef = 0FD4E8AF1D5A96E800684E50 /* ballYellow.png */; };
		0FD4E8CC1D5A96E800684E50 /* ballYellow@2x.png in Resources */ = {isa = PBXBuildFile; fileRef = 0FD4E8B01D5A96E800684E50 /* ballYellow@2x.png */; };
		0FD4E8CD1D5A96E800684E50 /* bouncer.png in Resources */ = {isa = PBXBuildFile; fileRef = 0FD4E8B11D5A96E800684E50 /* bouncer.png */; };
		0FD4E8CE1D5A96E800684E50 /* bouncer@2x.png in Resources */ = {isa = PBXBuildFile; fileRef = 0FD4E8B21D5A96E800684E50 /* bouncer@2x.png */; };
		0FD4E8CF1D5A96E800684E50 /* FireParticles.sks in Resources */ = {isa = PBXBuildFile; fileRef = 0FD4E8B31D5A96E800684E50 /* FireParticles.sks */; };
		0FD4E8D01D5A96E800684E50 /* slotBaseBad.png in Resources */ = {isa = PBXBuildFile; fileRef = 0FD4E8B41D5A96E800684E50 /* slotBaseBad.png */; };
		0FD4E8D11D5A96E800684E50 /* slotBaseBad@2x.png in Resources */ = {isa = PBXBuildFile; fileRef = 0FD4E8B51D5A96E800684E50 /* slotBaseBad@2x.png */; };
		0FD4E8D21D5A96E800684E50 /* slotBaseGood.png in Resources */ = {isa = PBXBuildFile; fileRef = 0FD4E8B61D5A96E800684E50 /* slotBaseGood.png */; };
		0FD4E8D31D5A96E800684E50 /* slotBaseGood@2x.png in Resources */ = {isa = PBXBuildFile; fileRef = 0FD4E8B71D5A96E800684E50 /* slotBaseGood@2x.png */; };
		0FD4E8D41D5A96E800684E50 /* slotGlowBad.png in Resources */ = {isa = PBXBuildFile; fileRef = 0FD4E8B81D5A96E800684E50 /* slotGlowBad.png */; };
		0FD4E8D51D5A96E800684E50 /* slotGlowBad@2x.png in Resources */ = {isa = PBXBuildFile; fileRef = 0FD4E8B91D5A96E800684E50 /* slotGlowBad@2x.png */; };
		0FD4E8D61D5A96E800684E50 /* slotGlowGood.png in Resources */ = {isa = PBXBuildFile; fileRef = 0FD4E8BA1D5A96E800684E50 /* slotGlowGood.png */; };
		0FD4E8D71D5A96E800684E50 /* slotGlowGood@2x.png in Resources */ = {isa = PBXBuildFile; fileRef = 0FD4E8BB1D5A96E800684E50 /* slotGlowGood@2x.png */; };
		0FD4E8D81D5A96E800684E50 /* spark.png in Resources */ = {isa = PBXBuildFile; fileRef = 0FD4E8BC1D5A96E800684E50 /* spark.png */; };
		0FD4E8DA1D5AEC2400684E50 /* Helper.swift in Sources */ = {isa = PBXBuildFile; fileRef = 0FD4E8D91D5AEC2400684E50 /* Helper.swift */; };
/* End PBXBuildFile section */

/* Begin PBXFileReference section */
		0FD4E8871D5A94F300684E50 /* PachinkoWithSpriteKit.app */ = {isa = PBXFileReference; explicitFileType = wrapper.application; includeInIndex = 0; path = PachinkoWithSpriteKit.app; sourceTree = BUILT_PRODUCTS_DIR; };
		0FD4E88A1D5A94F300684E50 /* AppDelegate.swift */ = {isa = PBXFileReference; lastKnownFileType = sourcecode.swift; path = AppDelegate.swift; sourceTree = "<group>"; };
		0FD4E88C1D5A94F300684E50 /* GameScene.sks */ = {isa = PBXFileReference; lastKnownFileType = file.sks; path = GameScene.sks; sourceTree = "<group>"; };
		0FD4E88E1D5A94F300684E50 /* GameScene.swift */ = {isa = PBXFileReference; lastKnownFileType = sourcecode.swift; path = GameScene.swift; sourceTree = "<group>"; };
		0FD4E8901D5A94F300684E50 /* GameViewController.swift */ = {isa = PBXFileReference; lastKnownFileType = sourcecode.swift; path = GameViewController.swift; sourceTree = "<group>"; };
		0FD4E8931D5A94F300684E50 /* Base */ = {isa = PBXFileReference; lastKnownFileType = file.storyboard; name = Base; path = Base.lproj/Main.storyboard; sourceTree = "<group>"; };
		0FD4E8951D5A94F300684E50 /* Assets.xcassets */ = {isa = PBXFileReference; lastKnownFileType = folder.assetcatalog; path = Assets.xcassets; sourceTree = "<group>"; };
		0FD4E8981D5A94F300684E50 /* Base */ = {isa = PBXFileReference; lastKnownFileType = file.storyboard; name = Base; path = Base.lproj/LaunchScreen.storyboard; sourceTree = "<group>"; };
		0FD4E89A1D5A94F300684E50 /* Info.plist */ = {isa = PBXFileReference; lastKnownFileType = text.plist.xml; path = Info.plist; sourceTree = "<group>"; };
		0FD4E8A11D5A96E800684E50 /* background.jpg */ = {isa = PBXFileReference; lastKnownFileType = image.jpeg; path = background.jpg; sourceTree = "<group>"; };
		0FD4E8A21D5A96E800684E50 /* background@2x.jpg */ = {isa = PBXFileReference; lastKnownFileType = image.jpeg; path = "background@2x.jpg"; sourceTree = "<group>"; };
		0FD4E8A31D5A96E800684E50 /* ballBlue.png */ = {isa = PBXFileReference; lastKnownFileType = image.png; path = ballBlue.png; sourceTree = "<group>"; };
		0FD4E8A41D5A96E800684E50 /* ballBlue@2x.png */ = {isa = PBXFileReference; lastKnownFileType = image.png; path = "ballBlue@2x.png"; sourceTree = "<group>"; };
		0FD4E8A51D5A96E800684E50 /* ballCyan.png */ = {isa = PBXFileReference; lastKnownFileType = image.png; path = ballCyan.png; sourceTree = "<group>"; };
		0FD4E8A61D5A96E800684E50 /* ballCyan@2x.png */ = {isa = PBXFileReference; lastKnownFileType = image.png; path = "ballCyan@2x.png"; sourceTree = "<group>"; };
		0FD4E8A71D5A96E800684E50 /* ballGreen.png */ = {isa = PBXFileReference; lastKnownFileType = image.png; path = ballGreen.png; sourceTree = "<group>"; };
		0FD4E8A81D5A96E800684E50 /* ballGreen@2x.png */ = {isa = PBXFileReference; lastKnownFileType = image.png; path = "ballGreen@2x.png"; sourceTree = "<group>"; };
		0FD4E8A91D5A96E800684E50 /* ballGrey.png */ = {isa = PBXFileReference; lastKnownFileType = image.png; path = ballGrey.png; sourceTree = "<group>"; };
		0FD4E8AA1D5A96E800684E50 /* ballGrey@2x.png */ = {isa = PBXFileReference; lastKnownFileType = image.png; path = "ballGrey@2x.png"; sourceTree = "<group>"; };
		0FD4E8AB1D5A96E800684E50 /* ballPurple.png */ = {isa = PBXFileReference; lastKnownFileType = image.png; path = ballPurple.png; sourceTree = "<group>"; };
		0FD4E8AC1D5A96E800684E50 /* ballPurple@2x.png */ = {isa = PBXFileReference; lastKnownFileType = image.png; path = "ballPurple@2x.png"; sourceTree = "<group>"; };
		0FD4E8AD1D5A96E800684E50 /* ballRed.png */ = {isa = PBXFileReference; lastKnownFileType = image.png; path = ballRed.png; sourceTree = "<group>"; };
		0FD4E8AE1D5A96E800684E50 /* ballRed@2x.png */ = {isa = PBXFileReference; lastKnownFileType = image.png; path = "ballRed@2x.png"; sourceTree = "<group>"; };
		0FD4E8AF1D5A96E800684E50 /* ballYellow.png */ = {isa = PBXFileReference; lastKnownFileType = image.png; path = ballYellow.png; sourceTree = "<group>"; };
		0FD4E8B01D5A96E800684E50 /* ballYellow@2x.png */ = {isa = PBXFileReference; lastKnownFileType = image.png; path = "ballYellow@2x.png"; sourceTree = "<group>"; };
		0FD4E8B11D5A96E800684E50 /* bouncer.png */ = {isa = PBXFileReference; lastKnownFileType = image.png; path = bouncer.png; sourceTree = "<group>"; };
		0FD4E8B21D5A96E800684E50 /* bouncer@2x.png */ = {isa = PBXFileReference; lastKnownFileType = image.png; path = "bouncer@2x.png"; sourceTree = "<group>"; };
		0FD4E8B31D5A96E800684E50 /* FireParticles.sks */ = {isa = PBXFileReference; lastKnownFileType = file.sks; path = FireParticles.sks; sourceTree = "<group>"; };
		0FD4E8B41D5A96E800684E50 /* slotBaseBad.png */ = {isa = PBXFileReference; lastKnownFileType = image.png; path = slotBaseBad.png; sourceTree = "<group>"; };
		0FD4E8B51D5A96E800684E50 /* slotBaseBad@2x.png */ = {isa = PBXFileReference; lastKnownFileType = image.png; path = "slotBaseBad@2x.png"; sourceTree = "<group>"; };
		0FD4E8B61D5A96E800684E50 /* slotBaseGood.png */ = {isa = PBXFileReference; lastKnownFileType = image.png; path = slotBaseGood.png; sourceTree = "<group>"; };
		0FD4E8B71D5A96E800684E50 /* slotBaseGood@2x.png */ = {isa = PBXFileReference; lastKnownFileType = image.png; path = "slotBaseGood@2x.png"; sourceTree = "<group>"; };
		0FD4E8B81D5A96E800684E50 /* slotGlowBad.png */ = {isa = PBXFileReference; lastKnownFileType = image.png; path = slotGlowBad.png; sourceTree = "<group>"; };
		0FD4E8B91D5A96E800684E50 /* slotGlowBad@2x.png */ = {isa = PBXFileReference; lastKnownFileType = image.png; path = "slotGlowBad@2x.png"; sourceTree = "<group>"; };
		0FD4E8BA1D5A96E800684E50 /* slotGlowGood.png */ = {isa = PBXFileReference; lastKnownFileType = image.png; path = slotGlowGood.png; sourceTree = "<group>"; };
		0FD4E8BB1D5A96E800684E50 /* slotGlowGood@2x.png */ = {isa = PBXFileReference; lastKnownFileType = image.png; path = "slotGlowGood@2x.png"; sourceTree = "<group>"; };
		0FD4E8BC1D5A96E800684E50 /* spark.png */ = {isa = PBXFileReference; lastKnownFileType = image.png; path = spark.png; sourceTree = "<group>"; };
		0FD4E8D91D5AEC2400684E50 /* Helper.swift */ = {isa = PBXFileReference; fileEncoding = 4; lastKnownFileType = sourcecode.swift; path = Helper.swift; sourceTree = "<group>"; };
/* End PBXFileReference section */

/* Begin PBXFrameworksBuildPhase section */
		0FD4E8841D5A94F300684E50 /* Frameworks */ = {
			isa = PBXFrameworksBuildPhase;
			buildActionMask = 2147483647;
			files = (
			);
			runOnlyForDeploymentPostprocessing = 0;
		};
/* End PBXFrameworksBuildPhase section */

/* Begin PBXGroup section */
		0FD4E87E1D5A94F300684E50 = {
			isa = PBXGroup;
			children = (
				0FD4E8891D5A94F300684E50 /* PachinkoWithSpriteKit */,
				0FD4E8881D5A94F300684E50 /* Products */,
			);
			sourceTree = "<group>";
		};
		0FD4E8881D5A94F300684E50 /* Products */ = {
			isa = PBXGroup;
			children = (
				0FD4E8871D5A94F300684E50 /* PachinkoWithSpriteKit.app */,
			);
			name = Products;
			sourceTree = "<group>";
		};
		0FD4E8891D5A94F300684E50 /* PachinkoWithSpriteKit */ = {
			isa = PBXGroup;
			children = (
				0FD4E8A01D5A96E800684E50 /* Content */,
				0FD4E88A1D5A94F300684E50 /* AppDelegate.swift */,
				0FD4E8D91D5AEC2400684E50 /* Helper.swift */,
				0FD4E88C1D5A94F300684E50 /* GameScene.sks */,
				0FD4E88E1D5A94F300684E50 /* GameScene.swift */,
				0FD4E8901D5A94F300684E50 /* GameViewController.swift */,
				0FD4E8921D5A94F300684E50 /* Main.storyboard */,
				0FD4E8951D5A94F300684E50 /* Assets.xcassets */,
				0FD4E8971D5A94F300684E50 /* LaunchScreen.storyboard */,
				0FD4E89A1D5A94F300684E50 /* Info.plist */,
			);
			path = PachinkoWithSpriteKit;
			sourceTree = "<group>";
		};
		0FD4E8A01D5A96E800684E50 /* Content */ = {
			isa = PBXGroup;
			children = (
				0FD4E8A11D5A96E800684E50 /* background.jpg */,
				0FD4E8A21D5A96E800684E50 /* background@2x.jpg */,
				0FD4E8A31D5A96E800684E50 /* ballBlue.png */,
				0FD4E8A41D5A96E800684E50 /* ballBlue@2x.png */,
				0FD4E8A51D5A96E800684E50 /* ballCyan.png */,
				0FD4E8A61D5A96E800684E50 /* ballCyan@2x.png */,
				0FD4E8A71D5A96E800684E50 /* ballGreen.png */,
				0FD4E8A81D5A96E800684E50 /* ballGreen@2x.png */,
				0FD4E8A91D5A96E800684E50 /* ballGrey.png */,
				0FD4E8AA1D5A96E800684E50 /* ballGrey@2x.png */,
				0FD4E8AB1D5A96E800684E50 /* ballPurple.png */,
				0FD4E8AC1D5A96E800684E50 /* ballPurple@2x.png */,
				0FD4E8AD1D5A96E800684E50 /* ballRed.png */,
				0FD4E8AE1D5A96E800684E50 /* ballRed@2x.png */,
				0FD4E8AF1D5A96E800684E50 /* ballYellow.png */,
				0FD4E8B01D5A96E800684E50 /* ballYellow@2x.png */,
				0FD4E8B11D5A96E800684E50 /* bouncer.png */,
				0FD4E8B21D5A96E800684E50 /* bouncer@2x.png */,
				0FD4E8B31D5A96E800684E50 /* FireParticles.sks */,
				0FD4E8B41D5A96E800684E50 /* slotBaseBad.png */,
				0FD4E8B51D5A96E800684E50 /* slotBaseBad@2x.png */,
				0FD4E8B61D5A96E800684E50 /* slotBaseGood.png */,
				0FD4E8B71D5A96E800684E50 /* slotBaseGood@2x.png */,
				0FD4E8B81D5A96E800684E50 /* slotGlowBad.png */,
				0FD4E8B91D5A96E800684E50 /* slotGlowBad@2x.png */,
				0FD4E8BA1D5A96E800684E50 /* slotGlowGood.png */,
				0FD4E8BB1D5A96E800684E50 /* slotGlowGood@2x.png */,
				0FD4E8BC1D5A96E800684E50 /* spark.png */,
			);
			path = Content;
			sourceTree = "<group>";
		};
/* End PBXGroup section */

/* Begin PBXNativeTarget section */
		0FD4E8861D5A94F300684E50 /* PachinkoWithSpriteKit */ = {
			isa = PBXNativeTarget;
			buildConfigurationList = 0FD4E89D1D5A94F300684E50 /* Build configuration list for PBXNativeTarget "PachinkoWithSpriteKit" */;
			buildPhases = (
				0FD4E8831D5A94F300684E50 /* Sources */,
				0FD4E8841D5A94F300684E50 /* Frameworks */,
				0FD4E8851D5A94F300684E50 /* Resources */,
			);
			buildRules = (
			);
			dependencies = (
			);
			name = PachinkoWithSpriteKit;
			productName = PachinkoWithSpriteKit;
			productReference = 0FD4E8871D5A94F300684E50 /* PachinkoWithSpriteKit.app */;
			productType = "com.apple.product-type.application";
		};
/* End PBXNativeTarget section */

/* Begin PBXProject section */
		0FD4E87F1D5A94F300684E50 /* Project object */ = {
			isa = PBXProject;
			attributes = {
				LastSwiftUpdateCheck = 0730;
				LastUpgradeCheck = 0730;
				ORGANIZATIONNAME = "My Nguyen";
				TargetAttributes = {
					0FD4E8861D5A94F300684E50 = {
						CreatedOnToolsVersion = 7.3.1;
					};
				};
			};
			buildConfigurationList = 0FD4E8821D5A94F300684E50 /* Build configuration list for PBXProject "PachinkoWithSpriteKit" */;
			compatibilityVersion = "Xcode 3.2";
			developmentRegion = English;
			hasScannedForEncodings = 0;
			knownRegions = (
				en,
				Base,
			);
			mainGroup = 0FD4E87E1D5A94F300684E50;
			productRefGroup = 0FD4E8881D5A94F300684E50 /* Products */;
			projectDirPath = "";
			projectRoot = "";
			targets = (
				0FD4E8861D5A94F300684E50 /* PachinkoWithSpriteKit */,
			);
		};
/* End PBXProject section */

/* Begin PBXResourcesBuildPhase section */
		0FD4E8851D5A94F300684E50 /* Resources */ = {
			isa = PBXResourcesBuildPhase;
			buildActionMask = 2147483647;
			files = (
				0FD4E8C61D5A96E800684E50 /* ballGrey@2x.png in Resources */,
				0FD4E8C81D5A96E800684E50 /* ballPurple@2x.png in Resources */,
				0FD4E8D51D5A96E800684E50 /* slotGlowBad@2x.png in Resources */,
				0FD4E8C11D5A96E800684E50 /* ballCyan.png in Resources */,
				0FD4E8D21D5A96E800684E50 /* slotBaseGood.png in Resources */,
				0FD4E88D1D5A94F300684E50 /* GameScene.sks in Resources */,
				0FD4E8BF1D5A96E800684E50 /* ballBlue.png in Resources */,
				0FD4E8D61D5A96E800684E50 /* slotGlowGood.png in Resources */,
				0FD4E8D11D5A96E800684E50 /* slotBaseBad@2x.png in Resources */,
				0FD4E8CC1D5A96E800684E50 /* ballYellow@2x.png in Resources */,
				0FD4E8D01D5A96E800684E50 /* slotBaseBad.png in Resources */,
				0FD4E8BD1D5A96E800684E50 /* background.jpg in Resources */,
				0FD4E8D31D5A96E800684E50 /* slotBaseGood@2x.png in Resources */,
				0FD4E8CE1D5A96E800684E50 /* bouncer@2x.png in Resources */,
				0FD4E8C91D5A96E800684E50 /* ballRed.png in Resources */,
				0FD4E8CF1D5A96E800684E50 /* FireParticles.sks in Resources */,
				0FD4E8CA1D5A96E800684E50 /* ballRed@2x.png in Resources */,
				0FD4E8991D5A94F300684E50 /* LaunchScreen.storyboard in Resources */,
				0FD4E8D41D5A96E800684E50 /* slotGlowBad.png in Resources */,
				0FD4E8961D5A94F300684E50 /* Assets.xcassets in Resources */,
				0FD4E8CB1D5A96E800684E50 /* ballYellow.png in Resources */,
				0FD4E8CD1D5A96E800684E50 /* bouncer.png in Resources */,
				0FD4E8C31D5A96E800684E50 /* ballGreen.png in Resources */,
				0FD4E8BE1D5A96E800684E50 /* background@2x.jpg in Resources */,
				0FD4E8941D5A94F300684E50 /* Main.storyboard in Resources */,
				0FD4E8C51D5A96E800684E50 /* ballGrey.png in Resources */,
				0FD4E8C41D5A96E800684E50 /* ballGreen@2x.png in Resources */,
				0FD4E8C21D5A96E800684E50 /* ballCyan@2x.png in Resources */,
				0FD4E8D71D5A96E800684E50 /* slotGlowGood@2x.png in Resources */,
				0FD4E8D81D5A96E800684E50 /* spark.png in Resources */,
				0FD4E8C71D5A96E800684E50 /* ballPurple.png in Resources */,
				0FD4E8C01D5A96E800684E50 /* ballBlue@2x.png in Resources */,
			);
			runOnlyForDeploymentPostprocessing = 0;
		};
/* End PBXResourcesBuildPhase section */

/* Begin PBXSourcesBuildPhase section */
		0FD4E8831D5A94F300684E50 /* Sources */ = {
			isa = PBXSourcesBuildPhase;
			buildActionMask = 2147483647;
			files = (
				0FD4E88F1D5A94F300684E50 /* GameScene.swift in Sources */,
				0FD4E8911D5A94F300684E50 /* GameViewController.swift in Sources */,
				0FD4E88B1D5A94F300684E50 /* AppDelegate.swift in Sources */,
				0FD4E8DA1D5AEC2400684E50 /* Helper.swift in Sources */,
			);
			runOnlyForDeploymentPostprocessing = 0;
		};
/* End PBXSourcesBuildPhase section */

/* Begin PBXVariantGroup section */
		0FD4E8921D5A94F300684E50 /* Main.storyboard */ = {
			isa = PBXVariantGroup;
			children = (
				0FD4E8931D5A94F300684E50 /* Base */,
			);
			name = Main.storyboard;
			sourceTree = "<group>";
		};
		0FD4E8971D5A94F300684E50 /* LaunchScreen.storyboard */ = {
			isa = PBXVariantGroup;
			children = (
				0FD4E8981D5A94F300684E50 /* Base */,
			);
			name = LaunchScreen.storyboard;
			sourceTree = "<group>";
		};
/* End PBXVariantGroup section */

/* Begin XCBuildConfiguration section */
		0FD4E89B1D5A94F300684E50 /* Debug */ = {
			isa = XCBuildConfiguration;
			buildSettings = {
				ALWAYS_SEARCH_USER_PATHS = NO;
				CLANG_ANALYZER_NONNULL = YES;
				CLANG_CXX_LANGUAGE_STANDARD = "gnu++0x";
				CLANG_CXX_LIBRARY = "libc++";
				CLANG_ENABLE_MODULES = YES;
				CLANG_ENABLE_OBJC_ARC = YES;
				CLANG_WARN_BOOL_CONVERSION = YES;
				CLANG_WARN_CONSTANT_CONVERSION = YES;
				CLANG_WARN_DIRECT_OBJC_ISA_USAGE = YES_ERROR;
				CLANG_WARN_EMPTY_BODY = YES;
				CLANG_WARN_ENUM_CONVERSION = YES;
				CLANG_WARN_INT_CONVERSION = YES;
				CLANG_WARN_OBJC_ROOT_CLASS = YES_ERROR;
				CLANG_WARN_UNREACHABLE_CODE = YES;
				CLANG_WARN__DUPLICATE_METHOD_MATCH = YES;
				"CODE_SIGN_IDENTITY[sdk=iphoneos*]" = "iPhone Developer";
				COPY_PHASE_STRIP = NO;
				DEBUG_INFORMATION_FORMAT = "dwarf-with-dsym";
				ENABLE_STRICT_OBJC_MSGSEND = YES;
				ENABLE_TESTABILITY = YES;
				GCC_C_LANGUAGE_STANDARD = gnu99;
				GCC_DYNAMIC_NO_PIC = NO;
				GCC_NO_COMMON_BLOCKS = YES;
				GCC_OPTIMIZATION_LEVEL = 0;
				GCC_PREPROCESSOR_DEFINITIONS = (
					"DEBUG=1",
					"$(inherited)",
				);
				GCC_WARN_64_TO_32_BIT_CONVERSION = YES;
				GCC_WARN_ABOUT_RETURN_TYPE = YES_ERROR;
				GCC_WARN_UNDECLARED_SELECTOR = YES;
				GCC_WARN_UNINITIALIZED_AUTOS = YES_AGGRESSIVE;
				GCC_WARN_UNUSED_FUNCTION = YES;
				GCC_WARN_UNUSED_VARIABLE = YES;
				IPHONEOS_DEPLOYMENT_TARGET = 9.3;
				MTL_ENABLE_DEBUG_INFO = YES;
				ONLY_ACTIVE_ARCH = YES;
				SDKROOT = iphoneos;
				SWIFT_OPTIMIZATION_LEVEL = "-Onone";
				TARGETED_DEVICE_FAMILY = 2;
			};
			name = Debug;
		};
		0FD4E89C1D5A94F300684E50 /* Release */ = {
			isa = XCBuildConfiguration;
			buildSettings = {
				ALWAYS_SEARCH_USER_PATHS = NO;
				CLANG_ANALYZER_NONNULL = YES;
				CLANG_CXX_LANGUAGE_STANDARD = "gnu++0x";
				CLANG_CXX_LIBRARY = "libc++";
				CLANG_ENABLE_MODULES = YES;
				CLANG_ENABLE_OBJC_ARC = YES;
				CLANG_WARN_BOOL_CONVERSION = YES;
				CLANG_WARN_CONSTANT_CONVERSION = YES;
				CLANG_WARN_DIRECT_OBJC_ISA_USAGE = YES_ERROR;
				CLANG_WARN_EMPTY_BODY = YES;
				CLANG_WARN_ENUM_CONVERSION = YES;
				CLANG_WARN_INT_CONVERSION = YES;
				CLANG_WARN_OBJC_ROOT_CLASS = YES_ERROR;
				CLANG_WARN_UNREACHABLE_CODE = YES;
				CLANG_WARN__DUPLICATE_METHOD_MATCH = YES;
				"CODE_SIGN_IDENTITY[sdk=iphoneos*]" = "iPhone Developer";
				COPY_PHASE_STRIP = NO;
				DEBUG_INFORMATION_FORMAT = "dwarf-with-dsym";
				ENABLE_NS_ASSERTIONS = NO;
				ENABLE_STRICT_OBJC_MSGSEND = YES;
				GCC_C_LANGUAGE_STANDARD = gnu99;
				GCC_NO_COMMON_BLOCKS = YES;
				GCC_WARN_64_TO_32_BIT_CONVERSION = YES;
				GCC_WARN_ABOUT_RETURN_TYPE = YES_ERROR;
				GCC_WARN_UNDECLARED_SELECTOR = YES;
				GCC_WARN_UNINITIALIZED_AUTOS = YES_AGGRESSIVE;
				GCC_WARN_UNUSED_FUNCTION = YES;
				GCC_WARN_UNUSED_VARIABLE = YES;
				IPHONEOS_DEPLOYMENT_TARGET = 9.3;
				MTL_ENABLE_DEBUG_INFO = NO;
				SDKROOT = iphoneos;
				TARGETED_DEVICE_FAMILY = 2;
				VALIDATE_PRODUCT = YES;
			};
			name = Release;
		};
		0FD4E89E1D5A94F300684E50 /* Debug */ = {
			isa = XCBuildConfiguration;
			buildSettings = {
				ASSETCATALOG_COMPILER_APPICON_NAME = AppIcon;
				INFOPLIST_FILE = PachinkoWithSpriteKit/Info.plist;
				LD_RUNPATH_SEARCH_PATHS = "$(inherited) @executable_path/Frameworks";
				PRODUCT_BUNDLE_IDENTIFIER = com.nguyen.PachinkoWithSpriteKit;
				PRODUCT_NAME = "$(TARGET_NAME)";
			};
			name = Debug;
		};
		0FD4E89F1D5A94F300684E50 /* Release */ = {
			isa = XCBuildConfiguration;
			buildSettings = {
				ASSETCATALOG_COMPILER_APPICON_NAME = AppIcon;
				INFOPLIST_FILE = PachinkoWithSpriteKit/Info.plist;
				LD_RUNPATH_SEARCH_PATHS = "$(inherited) @executable_path/Frameworks";
				PRODUCT_BUNDLE_IDENTIFIER = com.nguyen.PachinkoWithSpriteKit;
				PRODUCT_NAME = "$(TARGET_NAME)";
			};
			name = Release;
		};
/* End XCBuildConfiguration section */

/* Begin XCConfigurationList section */
		0FD4E8821D5A94F300684E50 /* Build configuration list for PBXProject "PachinkoWithSpriteKit" */ = {
			isa = XCConfigurationList;
			buildConfigurations = (
				0FD4E89B1D5A94F300684E50 /* Debug */,
				0FD4E89C1D5A94F300684E50 /* Release */,
			);
			defaultConfigurationIsVisible = 0;
			defaultConfigurationName = Release;
		};
		0FD4E89D1D5A94F300684E50 /* Build configuration list for PBXNativeTarget "PachinkoWithSpriteKit" */ = {
			isa = XCConfigurationList;
			buildConfigurations = (
				0FD4E89E1D5A94F300684E50 /* Debug */,
				0FD4E89F1D5A94F300684E50 /* Release */,
			);
			defaultConfigurationIsVisible = 0;
		};
/* End XCConfigurationList section */
	};
	rootObject = 0FD4E87F1D5A94F300684E50 /* Project object */;
}
